
Microsoft Visual Studio Solution File, Format Version 12.00
# Visual Studio Version 16
VisualStudioVersion = 16.0.29424.173
MinimumVisualStudioVersion = 10.0.40219.1
Project("{FAE04EC0-301F-11D3-BF4B-00C04F79EFBC}") = "InstaClone", "InstaClone\InstaClone.csproj", "{9E7ADCAC-CD86-4354-8ADB-1B11732B0FD4}"
EndProject
Global
	GlobalSection(SolutionConfigurationPlatforms) = preSolution
		Debug|Any CPU = Debug|Any CPU
		Release|Any CPU = Release|Any CPU
	EndGlobalSection
	GlobalSection(ProjectConfigurationPlatforms) = postSolution
		{9E7ADCAC-CD86-4354-8ADB-1B11732B0FD4}.Debug|Any CPU.ActiveCfg = Debug|Any CPU
		{9E7ADCAC-CD86-4354-8ADB-1B11732B0FD4}.Debug|Any CPU.Build.0 = Debug|Any CPU
		{9E7ADCAC-CD86-4354-8ADB-1B11732B0FD4}.Release|Any CPU.ActiveCfg = Release|Any CPU
		{9E7ADCAC-CD86-4354-8ADB-1B11732B0FD4}.Release|Any CPU.Build.0 = Release|Any CPU
	EndGlobalSection
	GlobalSection(SolutionProperties) = preSolution
		HideSolutionNode = FALSE
	EndGlobalSection
	GlobalSection(ExtensibilityGlobals) = postSolution
		SolutionGuid = {BCFE4A71-11F9-4346-9B9C-6FFBE51372A9}
	EndGlobalSection
EndGlobal
